
Microsoft Visual Studio Solution File, Format Version 12.00
# Visual Studio Version 17
VisualStudioVersion = 17.3.32922.545
MinimumVisualStudioVersion = 10.0.40219.1
Project("{FAE04EC0-301F-11D3-BF4B-00C04F79EFBC}") = "GarageManagementCase", "GarageManagementCase\GarageManagementCase.csproj", "{C8AF6B22-2097-4760-80A7-3BAB647C88EB}"
EndProject
Project("{FAE04EC0-301F-11D3-BF4B-00C04F79EFBC}") = "GarageManagementCase.Tests", "GarageManagementCase.Tests\GarageManagementCase.Tests.csproj", "{66B746E6-1E63-4BDB-BC2C-EBEC617B27DF}"
EndProject
Global
	GlobalSection(SolutionConfigurationPlatforms) = preSolution
		Debug|Any CPU = Debug|Any CPU
		Release|Any CPU = Release|Any CPU
	EndGlobalSection
	GlobalSection(ProjectConfigurationPlatforms) = postSolution
		{C8AF6B22-2097-4760-80A7-3BAB647C88EB}.Debug|Any CPU.ActiveCfg = Debug|Any CPU
		{C8AF6B22-2097-4760-80A7-3BAB647C88EB}.Debug|Any CPU.Build.0 = Debug|Any CPU
		{C8AF6B22-2097-4760-80A7-3BAB647C88EB}.Release|Any CPU.ActiveCfg = Release|Any CPU
		{C8AF6B22-2097-4760-80A7-3BAB647C88EB}.Release|Any CPU.Build.0 = Release|Any CPU
		{66B746E6-1E63-4BDB-BC2C-EBEC617B27DF}.Debug|Any CPU.ActiveCfg = Debug|Any CPU
		{66B746E6-1E63-4BDB-BC2C-EBEC617B27DF}.Debug|Any CPU.Build.0 = Debug|Any CPU
		{66B746E6-1E63-4BDB-BC2C-EBEC617B27DF}.Release|Any CPU.ActiveCfg = Release|Any CPU
		{66B746E6-1E63-4BDB-BC2C-EBEC617B27DF}.Release|Any CPU.Build.0 = Release|Any CPU
	EndGlobalSection
	GlobalSection(SolutionProperties) = preSolution
		HideSolutionNode = FALSE
	EndGlobalSection
	GlobalSection(ExtensibilityGlobals) = postSolution
		SolutionGuid = {BF8B2A2F-C4BC-476C-8960-BCE7AFDDB68A}
	EndGlobalSection
EndGlobal
